// !$*UTF8*$!
{
	archiveVersion = 1;
	classes = {
	};
	objectVersion = 51;
	objects = {

/* Begin PBXBuildFile section */
		22636D77574AC924D08A0754 /* Pods_RealmMemo03.framework in Frameworks */ = {isa = PBXBuildFile; fileRef = 41C99ABB8FED5FF36F48A98D /* Pods_RealmMemo03.framework */; };
		4E8B65D522B2683F0025F9BE /* AppDelegate.swift in Sources */ = {isa = PBXBuildFile; fileRef = 4E8B65D422B2683F0025F9BE /* AppDelegate.swift */; };
		4E8B65DA22B2683F0025F9BE /* Main.storyboard in Resources */ = {isa = PBXBuildFile; fileRef = 4E8B65D822B2683F0025F9BE /* Main.storyboard */; };
		4E8B65DC22B268410025F9BE /* Assets.xcassets in Resources */ = {isa = PBXBuildFile; fileRef = 4E8B65DB22B268410025F9BE /* Assets.xcassets */; };
		4E8B65DF22B268410025F9BE /* LaunchScreen.storyboard in Resources */ = {isa = PBXBuildFile; fileRef = 4E8B65DD22B268410025F9BE /* LaunchScreen.storyboard */; };
		4E8B65E722B26E640025F9BE /* MainTableViewController.swift in Sources */ = {isa = PBXBuildFile; fileRef = 4E8B65E622B26E640025F9BE /* MainTableViewController.swift */; };
		4E8B65E922B26EA40025F9BE /* AddViewController.swift in Sources */ = {isa = PBXBuildFile; fileRef = 4E8B65E822B26EA40025F9BE /* AddViewController.swift */; };
		4E8B65EB22B3462D0025F9BE /* DetailViewController.swift in Sources */ = {isa = PBXBuildFile; fileRef = 4E8B65EA22B3462D0025F9BE /* DetailViewController.swift */; };
/* End PBXBuildFile section */

/* Begin PBXFileReference section */
		19023108E34D8EF82A9E752C /* Pods-RealmMemo03.release.xcconfig */ = {isa = PBXFileReference; includeInIndex = 1; lastKnownFileType = text.xcconfig; name = "Pods-RealmMemo03.release.xcconfig"; path = "Target Support Files/Pods-RealmMemo03/Pods-RealmMemo03.release.xcconfig"; sourceTree = "<group>"; };
		41C99ABB8FED5FF36F48A98D /* Pods_RealmMemo03.framework */ = {isa = PBXFileReference; explicitFileType = wrapper.framework; includeInIndex = 0; path = Pods_RealmMemo03.framework; sourceTree = BUILT_PRODUCTS_DIR; };
		4E8B65D122B2683F0025F9BE /* RealmMemo03.app */ = {isa = PBXFileReference; explicitFileType = wrapper.application; includeInIndex = 0; path = RealmMemo03.app; sourceTree = BUILT_PRODUCTS_DIR; };
		4E8B65D422B2683F0025F9BE /* AppDelegate.swift */ = {isa = PBXFileReference; lastKnownFileType = sourcecode.swift; path = AppDelegate.swift; sourceTree = "<group>"; };
		4E8B65D922B2683F0025F9BE /* Base */ = {isa = PBXFileReference; lastKnownFileType = file.storyboard; name = Base; path = Base.lproj/Main.storyboard; sourceTree = "<group>"; };
		4E8B65DB22B268410025F9BE /* Assets.xcassets */ = {isa = PBXFileReference; lastKnownFileType = folder.assetcatalog; path = Assets.xcassets; sourceTree = "<group>"; };
		4E8B65DE22B268410025F9BE /* Base */ = {isa = PBXFileReference; lastKnownFileType = file.storyboard; name = Base; path = Base.lproj/LaunchScreen.storyboard; sourceTree = "<group>"; };
		4E8B65E022B268410025F9BE /* Info.plist */ = {isa = PBXFileReference; lastKnownFileType = text.plist.xml; path = Info.plist; sourceTree = "<group>"; };
		4E8B65E622B26E640025F9BE /* MainTableViewController.swift */ = {isa = PBXFileReference; lastKnownFileType = sourcecode.swift; path = MainTableViewController.swift; sourceTree = "<group>"; };
		4E8B65E822B26EA40025F9BE /* AddViewController.swift */ = {isa = PBXFileReference; lastKnownFileType = sourcecode.swift; path = AddViewController.swift; sourceTree = "<group>"; };
		4E8B65EA22B3462D0025F9BE /* DetailViewController.swift */ = {isa = PBXFileReference; lastKnownFileType = sourcecode.swift; path = DetailViewController.swift; sourceTree = "<group>"; };
		9679324C4778937130818FBD /* Pods-RealmMemo03.debug.xcconfig */ = {isa = PBXFileReference; includeInIndex = 1; lastKnownFileType = text.xcconfig; name = "Pods-RealmMemo03.debug.xcconfig"; path = "Target Support Files/Pods-RealmMemo03/Pods-RealmMemo03.debug.xcconfig"; sourceTree = "<group>"; };
/* End PBXFileReference section */

/* Begin PBXFrameworksBuildPhase section */
		4E8B65CE22B2683F0025F9BE /* Frameworks */ = {
			isa = PBXFrameworksBuildPhase;
			buildActionMask = 2147483647;
			files = (
				22636D77574AC924D08A0754 /* Pods_RealmMemo03.framework in Frameworks */,
			);
			runOnlyForDeploymentPostprocessing = 0;
		};
/* End PBXFrameworksBuildPhase section */

/* Begin PBXGroup section */
		4E8B65C822B2683F0025F9BE = {
			isa = PBXGroup;
			children = (
				4E8B65D322B2683F0025F9BE /* RealmMemo03 */,
				4E8B65D222B2683F0025F9BE /* Products */,
				E4181759BF828EA94B5BC891 /* Pods */,
				677E8317178E8A200E343EF5 /* Frameworks */,
			);
			sourceTree = "<group>";
		};
		4E8B65D222B2683F0025F9BE /* Products */ = {
			isa = PBXGroup;
			children = (
				4E8B65D122B2683F0025F9BE /* RealmMemo03.app */,
			);
			name = Products;
			sourceTree = "<group>";
		};
		4E8B65D322B2683F0025F9BE /* RealmMemo03 */ = {
			isa = PBXGroup;
			children = (
				4E8B65D422B2683F0025F9BE /* AppDelegate.swift */,
				4E8B65D822B2683F0025F9BE /* Main.storyboard */,
				4E8B65DB22B268410025F9BE /* Assets.xcassets */,
				4E8B65DD22B268410025F9BE /* LaunchScreen.storyboard */,
				4E8B65E022B268410025F9BE /* Info.plist */,
				4E8B65E822B26EA40025F9BE /* AddViewController.swift */,
				4E8B65E622B26E640025F9BE /* MainTableViewController.swift */,
				4E8B65EA22B3462D0025F9BE /* DetailViewController.swift */,
			);
			path = RealmMemo03;
			sourceTree = "<group>";
		};
		677E8317178E8A200E343EF5 /* Frameworks */ = {
			isa = PBXGroup;
			children = (
				41C99ABB8FED5FF36F48A98D /* Pods_RealmMemo03.framework */,
			);
			name = Frameworks;
			sourceTree = "<group>";
		};
		E4181759BF828EA94B5BC891 /* Pods */ = {
			isa = PBXGroup;
			children = (
				9679324C4778937130818FBD /* Pods-RealmMemo03.debug.xcconfig */,
				19023108E34D8EF82A9E752C /* Pods-RealmMemo03.release.xcconfig */,
			);
			path = Pods;
			sourceTree = "<group>";
		};
/* End PBXGroup section */

/* Begin PBXNativeTarget section */
		4E8B65D022B2683F0025F9BE /* RealmMemo03 */ = {
			isa = PBXNativeTarget;
			buildConfigurationList = 4E8B65E322B268410025F9BE /* Build configuration list for PBXNativeTarget "RealmMemo03" */;
			buildPhases = (
				FAF022EA0C4291651A9BE6BB /* [CP] Check Pods Manifest.lock */,
				4E8B65CD22B2683F0025F9BE /* Sources */,
				4E8B65CE22B2683F0025F9BE /* Frameworks */,
				4E8B65CF22B2683F0025F9BE /* Resources */,
				750E0D368112721AE259C1DE /* [CP] Embed Pods Frameworks */,
			);
			buildRules = (
			);
			dependencies = (
			);
			name = RealmMemo03;
			productName = RealmMemo03;
			productReference = 4E8B65D122B2683F0025F9BE /* RealmMemo03.app */;
			productType = "com.apple.product-type.application";
		};
/* End PBXNativeTarget section */

/* Begin PBXProject section */
		4E8B65C922B2683F0025F9BE /* Project object */ = {
			isa = PBXProject;
			attributes = {
				LastSwiftUpdateCheck = 1010;
				LastUpgradeCheck = 1010;
				ORGANIZATIONNAME = 201820028;
				TargetAttributes = {
					4E8B65D022B2683F0025F9BE = {
						CreatedOnToolsVersion = 10.1;
					};
				};
			};
			buildConfigurationList = 4E8B65CC22B2683F0025F9BE /* Build configuration list for PBXProject "RealmMemo03" */;
			compatibilityVersion = "Xcode 9.3";
			developmentRegion = en;
			hasScannedForEncodings = 0;
			knownRegions = (
				en,
				Base,
			);
			mainGroup = 4E8B65C822B2683F0025F9BE;
			productRefGroup = 4E8B65D222B2683F0025F9BE /* Products */;
			projectDirPath = "";
			projectRoot = "";
			targets = (
				4E8B65D022B2683F0025F9BE /* RealmMemo03 */,
			);
		};
/* End PBXProject section */

/* Begin PBXResourcesBuildPhase section */
		4E8B65CF22B2683F0025F9BE /* Resources */ = {
			isa = PBXResourcesBuildPhase;
			buildActionMask = 2147483647;
			files = (
				4E8B65DF22B268410025F9BE /* LaunchScreen.storyboard in Resources */,
				4E8B65DC22B268410025F9BE /* Assets.xcassets in Resources */,
				4E8B65DA22B2683F0025F9BE /* Main.storyboard in Resources */,
			);
			runOnlyForDeploymentPostprocessing = 0;
		};
/* End PBXResourcesBuildPhase section */

/* Begin PBXShellScriptBuildPhase section */
		750E0D368112721AE259C1DE /* [CP] Embed Pods Frameworks */ = {
			isa = PBXShellScriptBuildPhase;
			buildActionMask = 2147483647;
			files = (
			);
			inputFileListPaths = (
				"${PODS_ROOT}/Target Support Files/Pods-RealmMemo03/Pods-RealmMemo03-frameworks-${CONFIGURATION}-input-files.xcfilelist",
			);
			name = "[CP] Embed Pods Frameworks";
			outputFileListPaths = (
				"${PODS_ROOT}/Target Support Files/Pods-RealmMemo03/Pods-RealmMemo03-frameworks-${CONFIGURATION}-output-files.xcfilelist",
			);
			runOnlyForDeploymentPostprocessing = 0;
			shellPath = /bin/sh;
			shellScript = "\"${PODS_ROOT}/Target Support Files/Pods-RealmMemo03/Pods-RealmMemo03-frameworks.sh\"\n";
			showEnvVarsInLog = 0;
		};
		FAF022EA0C4291651A9BE6BB /* [CP] Check Pods Manifest.lock */ = {
			isa = PBXShellScriptBuildPhase;
			buildActionMask = 2147483647;
			files = (
			);
			inputFileListPaths = (
			);
			inputPaths = (
				"${PODS_PODFILE_DIR_PATH}/Podfile.lock",
				"${PODS_ROOT}/Manifest.lock",
			);
			name = "[CP] Check Pods Manifest.lock";
			outputFileListPaths = (
			);
			outputPaths = (
				"$(DERIVED_FILE_DIR)/Pods-RealmMemo03-checkManifestLockResult.txt",
			);
			runOnlyForDeploymentPostprocessing = 0;
			shellPath = /bin/sh;
			shellScript = "diff \"${PODS_PODFILE_DIR_PATH}/Podfile.lock\" \"${PODS_ROOT}/Manifest.lock\" > /dev/null\nif [ $? != 0 ] ; then\n    # print error to STDERR\n    echo \"error: The sandbox is not in sync with the Podfile.lock. Run 'pod install' or update your CocoaPods installation.\" >&2\n    exit 1\nfi\n# This output is used by Xcode 'outputs' to avoid re-running this script phase.\necho \"SUCCESS\" > \"${SCRIPT_OUTPUT_FILE_0}\"\n";
			showEnvVarsInLog = 0;
		};
/* End PBXShellScriptBuildPhase section */

/* Begin PBXSourcesBuildPhase section */
		4E8B65CD22B2683F0025F9BE /* Sources */ = {
			isa = PBXSourcesBuildPhase;
			buildActionMask = 2147483647;
			files = (
				4E8B65E722B26E640025F9BE /* MainTableViewController.swift in Sources */,
				4E8B65D522B2683F0025F9BE /* AppDelegate.swift in Sources */,
				4E8B65E922B26EA40025F9BE /* AddViewController.swift in Sources */,
				4E8B65EB22B3462D0025F9BE /* DetailViewController.swift in Sources */,
			);
			runOnlyForDeploymentPostprocessing = 0;
		};
/* End PBXSourcesBuildPhase section */

/* Begin PBXVariantGroup section */
		4E8B65D822B2683F0025F9BE /* Main.storyboard */ = {
			isa = PBXVariantGroup;
			children = (
				4E8B65D922B2683F0025F9BE /* Base */,
			);
			name = Main.storyboard;
			sourceTree = "<group>";
		};
		4E8B65DD22B268410025F9BE /* LaunchScreen.storyboard */ = {
			isa = PBXVariantGroup;
			children = (
				4E8B65DE22B268410025F9BE /* Base */,
			);
			name = LaunchScreen.storyboard;
			sourceTree = "<group>";
		};
/* End PBXVariantGroup section */

/* Begin XCBuildConfiguration section */
		4E8B65E122B268410025F9BE /* Debug */ = {
			isa = XCBuildConfiguration;
			buildSettings = {
				ALWAYS_SEARCH_USER_PATHS = NO;
				CLANG_ANALYZER_NONNULL = YES;
				CLANG_ANALYZER_NUMBER_OBJECT_CONVERSION = YES_AGGRESSIVE;
				CLANG_CXX_LANGUAGE_STANDARD = "gnu++14";
				CLANG_CXX_LIBRARY = "libc++";
				CLANG_ENABLE_MODULES = YES;
				CLANG_ENABLE_OBJC_ARC = YES;
				CLANG_ENABLE_OBJC_WEAK = YES;
				CLANG_WARN_BLOCK_CAPTURE_AUTORELEASING = YES;
				CLANG_WARN_BOOL_CONVERSION = YES;
				CLANG_WARN_COMMA = YES;
				CLANG_WARN_CONSTANT_CONVERSION = YES;
				CLANG_WARN_DEPRECATED_OBJC_IMPLEMENTATIONS = YES;
				CLANG_WARN_DIRECT_OBJC_ISA_USAGE = YES_ERROR;
				CLANG_WARN_DOCUMENTATION_COMMENTS = YES;
				CLANG_WARN_EMPTY_BODY = YES;
				CLANG_WARN_ENUM_CONVERSION = YES;
				CLANG_WARN_INFINITE_RECURSION = YES;
				CLANG_WARN_INT_CONVERSION = YES;
				CLANG_WARN_NON_LITERAL_NULL_CONVERSION = YES;
				CLANG_WARN_OBJC_IMPLICIT_RETAIN_SELF = YES;
				CLANG_WARN_OBJC_LITERAL_CONVERSION = YES;
				CLANG_WARN_OBJC_ROOT_CLASS = YES_ERROR;
				CLANG_WARN_RANGE_LOOP_ANALYSIS = YES;
				CLANG_WARN_STRICT_PROTOTYPES = YES;
				CLANG_WARN_SUSPICIOUS_MOVE = YES;
				CLANG_WARN_UNGUARDED_AVAILABILITY = YES_AGGRESSIVE;
				CLANG_WARN_UNREACHABLE_CODE = YES;
				CLANG_WARN__DUPLICATE_METHOD_MATCH = YES;
				CODE_SIGN_IDENTITY = "iPhone Developer";
				COPY_PHASE_STRIP = NO;
				DEBUG_INFORMATION_FORMAT = dwarf;
				ENABLE_STRICT_OBJC_MSGSEND = YES;
				ENABLE_TESTABILITY = YES;
				GCC_C_LANGUAGE_STANDARD = gnu11;
				GCC_DYNAMIC_NO_PIC = NO;
				GCC_NO_COMMON_BLOCKS = YES;
				GCC_OPTIMIZATION_LEVEL = 0;
				GCC_PREPROCESSOR_DEFINITIONS = (
					"DEBUG=1",
					"$(inherited)",
				);
				GCC_WARN_64_TO_32_BIT_CONVERSION = YES;
				GCC_WARN_ABOUT_RETURN_TYPE = YES_ERROR;
				GCC_WARN_UNDECLARED_SELECTOR = YES;
				GCC_WARN_UNINITIALIZED_AUTOS = YES_AGGRESSIVE;
				GCC_WARN_UNUSED_FUNCTION = YES;
				GCC_WARN_UNUSED_VARIABLE = YES;
				IPHONEOS_DEPLOYMENT_TARGET = 12.1;
				MTL_ENABLE_DEBUG_INFO = INCLUDE_SOURCE;
				MTL_FAST_MATH = YES;
				ONLY_ACTIVE_ARCH = YES;
				SDKROOT = iphoneos;
				SWIFT_ACTIVE_COMPILATION_CONDITIONS = DEBUG;
				SWIFT_OPTIMIZATION_LEVEL = "-Onone";
			};
			name = Debug;
		};
		4E8B65E222B268410025F9BE /* Release */ = {
			isa = XCBuildConfiguration;
			buildSettings = {
				ALWAYS_SEARCH_USER_PATHS = NO;
				CLANG_ANALYZER_NONNULL = YES;
				CLANG_ANALYZER_NUMBER_OBJECT_CONVERSION = YES_AGGRESSIVE;
				CLANG_CXX_LANGUAGE_STANDARD = "gnu++14";
				CLANG_CXX_LIBRARY = "libc++";
				CLANG_ENABLE_MODULES = YES;
				CLANG_ENABLE_OBJC_ARC = YES;
				CLANG_ENABLE_OBJC_WEAK = YES;
				CLANG_WARN_BLOCK_CAPTURE_AUTORELEASING = YES;
				CLANG_WARN_BOOL_CONVERSION = YES;
				CLANG_WARN_COMMA = YES;
				CLANG_WARN_CONSTANT_CONVERSION = YES;
				CLANG_WARN_DEPRECATED_OBJC_IMPLEMENTATIONS = YES;
				CLANG_WARN_DIRECT_OBJC_ISA_USAGE = YES_ERROR;
				CLANG_WARN_DOCUMENTATION_COMMENTS = YES;
				CLANG_WARN_EMPTY_BODY = YES;
				CLANG_WARN_ENUM_CONVERSION = YES;
				CLANG_WARN_INFINITE_RECURSION = YES;
				CLANG_WARN_INT_CONVERSION = YES;
				CLANG_WARN_NON_LITERAL_NULL_CONVERSION = YES;
				CLANG_WARN_OBJC_IMPLICIT_RETAIN_SELF = YES;
				CLANG_WARN_OBJC_LITERAL_CONVERSION = YES;
				CLANG_WARN_OBJC_ROOT_CLASS = YES_ERROR;
				CLANG_WARN_RANGE_LOOP_ANALYSIS = YES;
				CLANG_WARN_STRICT_PROTOTYPES = YES;
				CLANG_WARN_SUSPICIOUS_MOVE = YES;
				CLANG_WARN_UNGUARDED_AVAILABILITY = YES_AGGRESSIVE;
				CLANG_WARN_UNREACHABLE_CODE = YES;
				CLANG_WARN__DUPLICATE_METHOD_MATCH = YES;
				CODE_SIGN_IDENTITY = "iPhone Developer";
				COPY_PHASE_STRIP = NO;
				DEBUG_INFORMATION_FORMAT = "dwarf-with-dsym";
				ENABLE_NS_ASSERTIONS = NO;
				ENABLE_STRICT_OBJC_MSGSEND = YES;
				GCC_C_LANGUAGE_STANDARD = gnu11;
				GCC_NO_COMMON_BLOCKS = YES;
				GCC_WARN_64_TO_32_BIT_CONVERSION = YES;
				GCC_WARN_ABOUT_RETURN_TYPE = YES_ERROR;
				GCC_WARN_UNDECLARED_SELECTOR = YES;
				GCC_WARN_UNINITIALIZED_AUTOS = YES_AGGRESSIVE;
				GCC_WARN_UNUSED_FUNCTION = YES;
				GCC_WARN_UNUSED_VARIABLE = YES;
				IPHONEOS_DEPLOYMENT_TARGET = 12.1;
				MTL_ENABLE_DEBUG_INFO = NO;
				MTL_FAST_MATH = YES;
				SDKROOT = iphoneos;
				SWIFT_COMPILATION_MODE = wholemodule;
				SWIFT_OPTIMIZATION_LEVEL = "-O";
				VALIDATE_PRODUCT = YES;
			};
			name = Release;
		};
		4E8B65E422B268410025F9BE /* Debug */ = {
			isa = XCBuildConfiguration;
			baseConfigurationReference = 9679324C4778937130818FBD /* Pods-RealmMemo03.debug.xcconfig */;
			buildSettings = {
				ASSETCATALOG_COMPILER_APPICON_NAME = AppIcon;
				CODE_SIGN_STYLE = Automatic;
				INFOPLIST_FILE = RealmMemo03/Info.plist;
				LD_RUNPATH_SEARCH_PATHS = (
					"$(inherited)",
					"@executable_path/Frameworks",
				);
				PRODUCT_BUNDLE_IDENTIFIER = "-01820028.RealmMemo03";
				PRODUCT_NAME = "$(TARGET_NAME)";
				SWIFT_VERSION = 4.2;
				TARGETED_DEVICE_FAMILY = "1,2";
			};
			name = Debug;
		};
		4E8B65E522B268410025F9BE /* Release */ = {
			isa = XCBuildConfiguration;
			baseConfigurationReference = 19023108E34D8EF82A9E752C /* Pods-RealmMemo03.release.xcconfig */;
			buildSettings = {
				ASSETCATALOG_COMPILER_APPICON_NAME = AppIcon;
				CODE_SIGN_STYLE = Automatic;
				INFOPLIST_FILE = RealmMemo03/Info.plist;
				LD_RUNPATH_SEARCH_PATHS = (
					"$(inherited)",
					"@executable_path/Frameworks",
				);
				PRODUCT_BUNDLE_IDENTIFIER = "-01820028.RealmMemo03";
				PRODUCT_NAME = "$(TARGET_NAME)";
				SWIFT_VERSION = 4.2;
				TARGETED_DEVICE_FAMILY = "1,2";
			};
			name = Release;
		};
/* End XCBuildConfiguration section */

/* Begin XCConfigurationList section */
		4E8B65CC22B2683F0025F9BE /* Build configuration list for PBXProject "RealmMemo03" */ = {
			isa = XCConfigurationList;
			buildConfigurations = (
				4E8B65E122B268410025F9BE /* Debug */,
				4E8B65E222B268410025F9BE /* Release */,
			);
			defaultConfigurationIsVisible = 0;
			defaultConfigurationName = Release;
		};
		4E8B65E322B268410025F9BE /* Build configuration list for PBXNativeTarget "RealmMemo03" */ = {
			isa = XCConfigurationList;
			buildConfigurations = (
				4E8B65E422B268410025F9BE /* Debug */,
				4E8B65E522B268410025F9BE /* Release */,
			);
			defaultConfigurationIsVisible = 0;
			defaultConfigurationName = Release;
		};
/* End XCConfigurationList section */
	};
	rootObject = 4E8B65C922B2683F0025F9BE /* Project object */;
}
